{
  "name": "task",
  "version": "1.0.0",
  "lockfileVersion": 3,
  "requires": true,
  "packages": {
    "": {
      "name": "task",
      "version": "1.0.0",
      "license": "ISC",
      "dependencies": {
        "@hexlet/immutable-fs-trees": "^0.7.2",
        "lodash": "^4.17.21"
      }
    },
    "node_modules/@hexlet/immutable-fs-trees": {
      "version": "0.7.2",
      "resolved": "https://registry.npmjs.org/@hexlet/immutable-fs-trees/-/immutable-fs-trees-0.7.2.tgz",
      "integrity": "sha512-zQpNfqoki9jMvU9YHFo2wMEocBIQtjYdZ3OxgVrDLKVR0KBcVocwYy+hOE+Hqx4vaYat38QWPw1As1Bi2fhC3A=="
    },
    "node_modules/lodash": {
      "version": "4.17.21",
      "resolved": "https://registry.npmjs.org/lodash/-/lodash-4.17.21.tgz",
      "integrity": "sha512-v2kDEe57lecTulaDIuNTPy3Ry4gLGJ6Z1O3vE1krgXZNrsQ+LFTGHVxVjcXPs17LhbZVGedAJv8XZ1tvj5FvSg=="
    }
  }
}
